{
    "version": 3,
    "terraform_version": "0.10.6",
    "serial": 29,
    "lineage": "c84a9253-00b8-4cbf-86d0-5825b8239d27",
    "modules": [
        {
            "path": [
                "root"
            ],
            "outputs": {
                "inception-private-ip": {
                    "sensitive": false,
                    "type": "string",
                    "value": "10.0.200.254"
                },
                "inception-public-ip": {
                    "sensitive": false,
                    "type": "string",
                    "value": "18.221.83.194"
                }
            },
            "resources": {
                "aws_eip.inception": {
                    "type": "aws_eip",
                    "depends_on": [],
                    "primary": {
                        "id": "eipalloc-bb703b95",
                        "attributes": {
                            "association_id": "",
                            "domain": "vpc",
                            "id": "eipalloc-bb703b95",
                            "instance": "",
                            "network_interface": "",
                            "private_ip": "",
                            "public_ip": "18.221.83.194",
                            "vpc": "true"
                        },
                        "meta": {},
                        "tainted": false
                    },
                    "deposed": [],
                    "provider": ""
                },
                "aws_eip.nat.0": {
                    "type": "aws_eip",
                    "depends_on": [
                        "data.aws_availability_zones.available"
                    ],
                    "primary": {
                        "id": "eipalloc-36763d18",
                        "attributes": {
                            "association_id": "",
                            "domain": "vpc",
                            "id": "eipalloc-36763d18",
                            "instance": "",
                            "network_interface": "",
                            "private_ip": "",
                            "public_ip": "18.216.244.69",
                            "vpc": "true"
                        },
                        "meta": {},
                        "tainted": false
                    },
                    "deposed": [],
                    "provider": ""
                },
                "aws_eip.nat.1": {
                    "type": "aws_eip",
                    "depends_on": [
                        "data.aws_availability_zones.available"
                    ],
                    "primary": {
                        "id": "eipalloc-717f345f",
                        "attributes": {
                            "association_id": "",
                            "domain": "vpc",
                            "id": "eipalloc-717f345f",
                            "instance": "",
                            "network_interface": "",
                            "private_ip": "",
                            "public_ip": "18.221.35.221",
                            "vpc": "true"
                        },
                        "meta": {},
                        "tainted": false
                    },
                    "deposed": [],
                    "provider": ""
                },
                "aws_eip.nat.2": {
                    "type": "aws_eip",
                    "depends_on": [
                        "data.aws_availability_zones.available"
                    ],
                    "primary": {
                        "id": "eipalloc-4e723960",
                        "attributes": {
                            "association_id": "",
                            "domain": "vpc",
                            "id": "eipalloc-4e723960",
                            "instance": "",
                            "network_interface": "",
                            "private_ip": "",
                            "public_ip": "18.217.5.36",
                            "vpc": "true"
                        },
                        "meta": {},
                        "tainted": false
                    },
                    "deposed": [],
                    "provider": ""
                },
                "aws_eip_association.inception": {
                    "type": "aws_eip_association",
                    "depends_on": [
                        "aws_eip.inception",
                        "aws_network_interface.inception-public"
                    ],
                    "primary": {
                        "id": "eipassoc-aa24c88b",
                        "attributes": {
                            "allocation_id": "eipalloc-bb703b95",
                            "id": "eipassoc-aa24c88b",
                            "instance_id": "",
                            "network_interface_id": "eni-0bf99f54",
                            "private_ip_address": "10.0.200.254",
                            "public_ip": "18.221.83.194"
                        },
                        "meta": {},
                        "tainted": false
                    },
                    "deposed": [],
                    "provider": ""
                },
                "aws_instance.inception": {
                    "type": "aws_instance",
                    "depends_on": [
                        "aws_eip.inception",
                        "aws_key_pair.inception",
                        "aws_network_interface.inception-private",
                        "aws_network_interface.inception-public",
                        "aws_subnet.dmz",
                        "aws_subnet.engineering",
                        "data.aws_ami.inception"
                    ],
                    "primary": {
                        "id": "i-083147ca391a3c7dd",
                        "attributes": {
                            "ami": "ami-a4d2fdc1",
                            "associate_public_ip_address": "true",
                            "availability_zone": "us-east-2a",
                            "disable_api_termination": "false",
                            "ebs_block_device.#": "0",
                            "ebs_optimized": "false",
                            "ephemeral_block_device.#": "0",
                            "iam_instance_profile": "",
                            "id": "i-083147ca391a3c7dd",
                            "instance_state": "running",
                            "instance_type": "t2.micro",
                            "ipv6_addresses.#": "0",
                            "key_name": "inception",
                            "monitoring": "false",
                            "network_interface.#": "2",
                            "network_interface.1152307169.delete_on_termination": "false",
                            "network_interface.1152307169.device_index": "0",
                            "network_interface.1152307169.network_interface_id": "eni-0bf99f54",
                            "network_interface.184465153.delete_on_termination": "false",
                            "network_interface.184465153.device_index": "1",
                            "network_interface.184465153.network_interface_id": "eni-37c2a468",
                            "network_interface_id": "eni-0bf99f54",
                            "primary_network_interface_id": "eni-0bf99f54",
                            "private_dns": "ip-10-0-200-254.us-east-2.compute.internal",
                            "private_ip": "10.0.200.254",
                            "public_dns": "ec2-18-221-83-194.us-east-2.compute.amazonaws.com",
                            "public_ip": "18.221.83.194",
                            "root_block_device.#": "1",
                            "root_block_device.0.delete_on_termination": "true",
                            "root_block_device.0.iops": "100",
                            "root_block_device.0.volume_size": "8",
                            "root_block_device.0.volume_type": "gp2",
                            "security_groups.#": "0",
                            "source_dest_check": "true",
                            "subnet_id": "subnet-ba56bbd2",
                            "tags.%": "1",
                            "tags.Name": "inception-test: inception",
                            "tenancy": "default",
                            "user_data": "af04e66c82ebe7b02c0b466444c78d3010ca563c",
                            "volume_tags.%": "0",
                            "vpc_security_group_ids.#": "1",
                            "vpc_security_group_ids.1092936432": "sg-cec5bda6"
                        },
                        "meta": {
                            "e2bfb730-ecaa-11e6-8f88-34363bc7c4c0": {
                                "create": 600000000000,
                                "delete": 600000000000,
                                "update": 600000000000
                            },
                            "schema_version": "1"
                        },
                        "tainted": false
                    },
                    "deposed": [],
                    "provider": ""
                },
                "aws_internet_gateway.igw": {
                    "type": "aws_internet_gateway",
                    "depends_on": [
                        "aws_vpc.main"
                    ],
                    "primary": {
                        "id": "igw-6bcb8102",
                        "attributes": {
                            "id": "igw-6bcb8102",
                            "tags.%": "1",
                            "tags.Name": "inception-test: internet gateway",
                            "vpc_id": "vpc-081b0561"
                        },
                        "meta": {},
                        "tainted": false
                    },
                    "deposed": [],
                    "provider": ""
                },
                "aws_key_pair.inception": {
                    "type": "aws_key_pair",
                    "depends_on": [
                        "tls_private_key.inception-ssh-key"
                    ],
                    "primary": {
                        "id": "inception",
                        "attributes": {
                            "id": "inception",
                            "key_name": "inception",
                            "public_key": "ssh-rsa AAAAB3NzaC1yc2EAAAADAQABAAACAQDFyqfRERPHoRukbzgjGgi30V1iHSH0/mMSJ9DB4rmZfh39ZDuOK4N+q5PlqksGIBERD38sMixb1OGdlm2kFmkJfMT9nNm690eEpNXwsery/LL4RhrPcquX1YMBv51ppZbJi1j0in7C0vtLC3Caz9g93Jl8VZzb7xvp9/uK7W3qBG6Nw0lqAm9/PQVkazpwzxNs6ELeNYIpCqzjyfJilwNJ6HenMBQI3tSb8c5CCFapna5DPR4WJznL5TuS2QjPqEj2b5nqLDLRIQPy0S/UHeHkfRpQ/tiQ7slo6y7NHglEfeMkQrxef0uSN1qYsFNsXt+kOEt3U4R9IIVFxCE9wmr5FyypQAuSkpSzBT35NEyc/TKrGeIKgWzO3E2eiD2MGN0FG97Z3FGar4D/IU+Q8NqY6M2FnFVR4FMzioJwgKhiwP1HNL50XtIR84lmD3zFo5CFqgxpiaoghJPQ4cQYbh2ze99bbzSCKNiSX+dJA3q+IlJgwLJ7lB4t/IbQW8WvnEmi/u8XoYSr4PlcS1u4RZV1tgwMLNOFkJcfjHRfrcb/kLn8QCkW3h0NltF5Oc41tNgO9u1Mt0cfpJkzZnQHDvcDZCvnuVUjEfzyfEUoMkuqUxySu8ke18lYSOpKBPLjkAc2MU6re40vexb2awamYx9QZbKaOzeo8cTf62ctvTrbBQ=="
                        },
                        "meta": {
                            "schema_version": "1"
                        },
                        "tainted": false
                    },
                    "deposed": [],
                    "provider": ""
                },
                "aws_nat_gateway.nat.0": {
                    "type": "aws_nat_gateway",
                    "depends_on": [
                        "aws_eip.nat.*",
                        "aws_internet_gateway.igw",
                        "aws_subnet.dmz.*",
                        "data.aws_availability_zones.available"
                    ],
                    "primary": {
                        "id": "nat-03753f90d8f1f6ed9",
                        "attributes": {
                            "allocation_id": "eipalloc-36763d18",
                            "id": "nat-03753f90d8f1f6ed9",
                            "network_interface_id": "eni-75c3a52a",
                            "private_ip": "10.0.200.124",
                            "public_ip": "18.216.244.69",
                            "subnet_id": "subnet-ba56bbd2",
                            "tags.%": "0"
                        },
                        "meta": {},
                        "tainted": false
                    },
                    "deposed": [],
                    "provider": ""
                },
                "aws_nat_gateway.nat.1": {
                    "type": "aws_nat_gateway",
                    "depends_on": [
                        "aws_eip.nat.*",
                        "aws_internet_gateway.igw",
                        "aws_subnet.dmz.*",
                        "data.aws_availability_zones.available"
                    ],
                    "primary": {
                        "id": "nat-0487602360962cf04",
                        "attributes": {
                            "allocation_id": "eipalloc-717f345f",
                            "id": "nat-0487602360962cf04",
                            "network_interface_id": "eni-537eca06",
                            "private_ip": "10.0.201.50",
                            "public_ip": "18.221.35.221",
                            "subnet_id": "subnet-52a18229",
                            "tags.%": "0"
                        },
                        "meta": {},
                        "tainted": false
                    },
                    "deposed": [],
                    "provider": ""
                },
                "aws_nat_gateway.nat.2": {
                    "type": "aws_nat_gateway",
                    "depends_on": [
                        "aws_eip.nat.*",
                        "aws_internet_gateway.igw",
                        "aws_subnet.dmz.*",
                        "data.aws_availability_zones.available"
                    ],
                    "primary": {
                        "id": "nat-0e6d00c538fc74911",
                        "attributes": {
                            "allocation_id": "eipalloc-4e723960",
                            "id": "nat-0e6d00c538fc74911",
                            "network_interface_id": "eni-e804cbc3",
                            "private_ip": "10.0.202.167",
                            "public_ip": "18.217.5.36",
                            "subnet_id": "subnet-47117c0a",
                            "tags.%": "0"
                        },
                        "meta": {},
                        "tainted": false
                    },
                    "deposed": [],
                    "provider": ""
                },
                "aws_network_interface.inception-private": {
                    "type": "aws_network_interface",
                    "depends_on": [
                        "aws_security_group.inception-private",
                        "aws_subnet.engineering"
                    ],
                    "primary": {
                        "id": "eni-37c2a468",
                        "attributes": {
                            "attachment.#": "0",
                            "description": "",
                            "id": "eni-37c2a468",
                            "private_dns_name": "ip-10-0-203-254.us-east-2.compute.internal",
                            "private_ip": "10.0.203.254",
                            "private_ips.#": "1",
                            "private_ips.1995102909": "10.0.203.254",
                            "security_groups.#": "1",
                            "security_groups.1501227055": "sg-153a417d",
                            "source_dest_check": "true",
                            "subnet_id": "subnet-2054b948",
                            "tags.%": "1",
                            "tags.Name": "inception-test: inception-private"
                        },
                        "meta": {},
                        "tainted": false
                    },
                    "deposed": [],
                    "provider": ""
                },
                "aws_network_interface.inception-public": {
                    "type": "aws_network_interface",
                    "depends_on": [
                        "aws_security_group.inception-public",
                        "aws_subnet.dmz"
                    ],
                    "primary": {
                        "id": "eni-0bf99f54",
                        "attributes": {
                            "attachment.#": "0",
                            "description": "",
                            "id": "eni-0bf99f54",
                            "private_dns_name": "ip-10-0-200-254.us-east-2.compute.internal",
                            "private_ip": "10.0.200.254",
                            "private_ips.#": "1",
                            "private_ips.826974317": "10.0.200.254",
                            "security_groups.#": "1",
                            "security_groups.1092936432": "sg-cec5bda6",
                            "source_dest_check": "true",
                            "subnet_id": "subnet-ba56bbd2",
                            "tags.%": "1",
                            "tags.Name": "inception-test: inception-public"
                        },
                        "meta": {},
                        "tainted": false
                    },
                    "deposed": [],
                    "provider": ""
                },
                "aws_route_table.igw": {
                    "type": "aws_route_table",
                    "depends_on": [
                        "aws_internet_gateway.igw",
                        "aws_vpc.main"
                    ],
                    "primary": {
                        "id": "rtb-eac93282",
                        "attributes": {
                            "id": "rtb-eac93282",
                            "propagating_vgws.#": "0",
                            "route.#": "1",
                            "route.142681223.cidr_block": "0.0.0.0/0",
                            "route.142681223.egress_only_gateway_id": "",
                            "route.142681223.gateway_id": "igw-6bcb8102",
                            "route.142681223.instance_id": "",
                            "route.142681223.ipv6_cidr_block": "",
                            "route.142681223.nat_gateway_id": "",
                            "route.142681223.network_interface_id": "",
                            "route.142681223.vpc_peering_connection_id": "",
                            "tags.%": "1",
                            "tags.Name": "inception-test: internet gateway route",
                            "vpc_id": "vpc-081b0561"
                        },
                        "meta": {},
                        "tainted": false
                    },
                    "deposed": [],
                    "provider": ""
                },
                "aws_route_table.nat.0": {
                    "type": "aws_route_table",
                    "depends_on": [
                        "aws_nat_gateway.nat.*",
                        "aws_vpc.main",
                        "data.aws_availability_zones.available"
                    ],
                    "primary": {
                        "id": "rtb-c8c833a0",
                        "attributes": {
                            "id": "rtb-c8c833a0",
                            "propagating_vgws.#": "0",
                            "route.#": "1",
                            "route.3327164530.cidr_block": "0.0.0.0/0",
                            "route.3327164530.egress_only_gateway_id": "",
                            "route.3327164530.gateway_id": "",
                            "route.3327164530.instance_id": "",
                            "route.3327164530.ipv6_cidr_block": "",
                            "route.3327164530.nat_gateway_id": "nat-03753f90d8f1f6ed9",
                            "route.3327164530.network_interface_id": "",
                            "route.3327164530.vpc_peering_connection_id": "",
                            "tags.%": "1",
                            "tags.Name": "inception-test: nat 0 gateway route",
                            "vpc_id": "vpc-081b0561"
                        },
                        "meta": {},
                        "tainted": false
                    },
                    "deposed": [],
                    "provider": ""
                },
                "aws_route_table.nat.1": {
                    "type": "aws_route_table",
                    "depends_on": [
                        "aws_nat_gateway.nat.*",
                        "aws_vpc.main",
                        "data.aws_availability_zones.available"
                    ],
                    "primary": {
                        "id": "rtb-66d52e0e",
                        "attributes": {
                            "id": "rtb-66d52e0e",
                            "propagating_vgws.#": "0",
                            "route.#": "1",
                            "route.3589597421.cidr_block": "0.0.0.0/0",
                            "route.3589597421.egress_only_gateway_id": "",
                            "route.3589597421.gateway_id": "",
                            "route.3589597421.instance_id": "",
                            "route.3589597421.ipv6_cidr_block": "",
                            "route.3589597421.nat_gateway_id": "nat-0487602360962cf04",
                            "route.3589597421.network_interface_id": "",
                            "route.3589597421.vpc_peering_connection_id": "",
                            "tags.%": "1",
                            "tags.Name": "inception-test: nat 1 gateway route",
                            "vpc_id": "vpc-081b0561"
                        },
                        "meta": {},
                        "tainted": false
                    },
                    "deposed": [],
                    "provider": ""
                },
                "aws_route_table.nat.2": {
                    "type": "aws_route_table",
                    "depends_on": [
                        "aws_nat_gateway.nat.*",
                        "aws_vpc.main",
                        "data.aws_availability_zones.available"
                    ],
                    "primary": {
                        "id": "rtb-06ca316e",
                        "attributes": {
                            "id": "rtb-06ca316e",
                            "propagating_vgws.#": "0",
                            "route.#": "1",
                            "route.516055957.cidr_block": "0.0.0.0/0",
                            "route.516055957.egress_only_gateway_id": "",
                            "route.516055957.gateway_id": "",
                            "route.516055957.instance_id": "",
                            "route.516055957.ipv6_cidr_block": "",
                            "route.516055957.nat_gateway_id": "nat-0e6d00c538fc74911",
                            "route.516055957.network_interface_id": "",
                            "route.516055957.vpc_peering_connection_id": "",
                            "tags.%": "1",
                            "tags.Name": "inception-test: nat 2 gateway route",
                            "vpc_id": "vpc-081b0561"
                        },
                        "meta": {},
                        "tainted": false
                    },
                    "deposed": [],
                    "provider": ""
                },
                "aws_route_table_association.dmz.0": {
                    "type": "aws_route_table_association",
                    "depends_on": [
                        "aws_route_table.igw",
                        "aws_subnet.dmz.*",
                        "data.aws_availability_zones.available"
                    ],
                    "primary": {
                        "id": "rtbassoc-bb5736d3",
                        "attributes": {
                            "id": "rtbassoc-bb5736d3",
                            "route_table_id": "rtb-eac93282",
                            "subnet_id": "subnet-ba56bbd2"
                        },
                        "meta": {},
                        "tainted": false
                    },
                    "deposed": [],
                    "provider": ""
                },
                "aws_route_table_association.dmz.1": {
                    "type": "aws_route_table_association",
                    "depends_on": [
                        "aws_route_table.igw",
                        "aws_subnet.dmz.*",
                        "data.aws_availability_zones.available"
                    ],
                    "primary": {
                        "id": "rtbassoc-805b3ae8",
                        "attributes": {
                            "id": "rtbassoc-805b3ae8",
                            "route_table_id": "rtb-eac93282",
                            "subnet_id": "subnet-52a18229"
                        },
                        "meta": {},
                        "tainted": false
                    },
                    "deposed": [],
                    "provider": ""
                },
                "aws_route_table_association.dmz.2": {
                    "type": "aws_route_table_association",
                    "depends_on": [
                        "aws_route_table.igw",
                        "aws_subnet.dmz.*",
                        "data.aws_availability_zones.available"
                    ],
                    "primary": {
                        "id": "rtbassoc-5e5b3a36",
                        "attributes": {
                            "id": "rtbassoc-5e5b3a36",
                            "route_table_id": "rtb-eac93282",
                            "subnet_id": "subnet-47117c0a"
                        },
                        "meta": {},
                        "tainted": false
                    },
                    "deposed": [],
                    "provider": ""
                },
                "aws_route_table_association.engineering.0": {
                    "type": "aws_route_table_association",
                    "depends_on": [
                        "aws_route_table.nat.*",
                        "aws_subnet.engineering.*",
                        "data.aws_availability_zones.available"
                    ],
                    "primary": {
                        "id": "rtbassoc-845637ec",
                        "attributes": {
                            "id": "rtbassoc-845637ec",
                            "route_table_id": "rtb-c8c833a0",
                            "subnet_id": "subnet-2054b948"
                        },
                        "meta": {},
                        "tainted": false
                    },
                    "deposed": [],
                    "provider": ""
                },
                "aws_route_table_association.engineering.1": {
                    "type": "aws_route_table_association",
                    "depends_on": [
                        "aws_route_table.nat.*",
                        "aws_subnet.engineering.*",
                        "data.aws_availability_zones.available"
                    ],
                    "primary": {
                        "id": "rtbassoc-31593859",
                        "attributes": {
                            "id": "rtbassoc-31593859",
                            "route_table_id": "rtb-66d52e0e",
                            "subnet_id": "subnet-2da48756"
                        },
                        "meta": {},
                        "tainted": false
                    },
                    "deposed": [],
                    "provider": ""
                },
                "aws_route_table_association.engineering.2": {
                    "type": "aws_route_table_association",
                    "depends_on": [
                        "aws_route_table.nat.*",
                        "aws_subnet.engineering.*",
                        "data.aws_availability_zones.available"
                    ],
                    "primary": {
                        "id": "rtbassoc-985b3af0",
                        "attributes": {
                            "id": "rtbassoc-985b3af0",
                            "route_table_id": "rtb-06ca316e",
                            "subnet_id": "subnet-321a777f"
                        },
                        "meta": {},
                        "tainted": false
                    },
                    "deposed": [],
                    "provider": ""
                },
                "aws_security_group.inception-private": {
                    "type": "aws_security_group",
                    "depends_on": [
                        "aws_vpc.main"
                    ],
                    "primary": {
                        "id": "sg-153a417d",
                        "attributes": {
                            "description": "Rules for ingress and egress of network traffic to inception instance.",
                            "egress.#": "3",
                            "egress.1403647648.cidr_blocks.#": "1",
                            "egress.1403647648.cidr_blocks.0": "0.0.0.0/0",
                            "egress.1403647648.description": "",
                            "egress.1403647648.from_port": "0",
                            "egress.1403647648.ipv6_cidr_blocks.#": "0",
                            "egress.1403647648.prefix_list_ids.#": "0",
                            "egress.1403647648.protocol": "tcp",
                            "egress.1403647648.security_groups.#": "0",
                            "egress.1403647648.self": "false",
                            "egress.1403647648.to_port": "65535",
                            "egress.1799340084.cidr_blocks.#": "1",
                            "egress.1799340084.cidr_blocks.0": "0.0.0.0/0",
                            "egress.1799340084.description": "",
                            "egress.1799340084.from_port": "-1",
                            "egress.1799340084.ipv6_cidr_blocks.#": "0",
                            "egress.1799340084.prefix_list_ids.#": "0",
                            "egress.1799340084.protocol": "icmp",
                            "egress.1799340084.security_groups.#": "0",
                            "egress.1799340084.self": "false",
                            "egress.1799340084.to_port": "-1",
                            "egress.2096121517.cidr_blocks.#": "1",
                            "egress.2096121517.cidr_blocks.0": "0.0.0.0/0",
                            "egress.2096121517.description": "",
                            "egress.2096121517.from_port": "0",
                            "egress.2096121517.ipv6_cidr_blocks.#": "0",
                            "egress.2096121517.prefix_list_ids.#": "0",
                            "egress.2096121517.protocol": "udp",
                            "egress.2096121517.security_groups.#": "0",
                            "egress.2096121517.self": "false",
                            "egress.2096121517.to_port": "65535",
                            "id": "sg-153a417d",
                            "ingress.#": "3",
                            "ingress.2541437006.cidr_blocks.#": "1",
                            "ingress.2541437006.cidr_blocks.0": "0.0.0.0/0",
                            "ingress.2541437006.description": "",
                            "ingress.2541437006.from_port": "22",
                            "ingress.2541437006.ipv6_cidr_blocks.#": "0",
                            "ingress.2541437006.protocol": "tcp",
                            "ingress.2541437006.security_groups.#": "0",
                            "ingress.2541437006.self": "false",
                            "ingress.2541437006.to_port": "22",
                            "ingress.832406870.cidr_blocks.#": "1",
                            "ingress.832406870.cidr_blocks.0": "0.0.0.0/0",
                            "ingress.832406870.description": "",
                            "ingress.832406870.from_port": "8080",
                            "ingress.832406870.ipv6_cidr_blocks.#": "0",
                            "ingress.832406870.protocol": "udp",
                            "ingress.832406870.security_groups.#": "0",
                            "ingress.832406870.self": "false",
                            "ingress.832406870.to_port": "8080",
                            "ingress.915246272.cidr_blocks.#": "1",
                            "ingress.915246272.cidr_blocks.0": "0.0.0.0/0",
                            "ingress.915246272.description": "",
                            "ingress.915246272.from_port": "8888",
                            "ingress.915246272.ipv6_cidr_blocks.#": "0",
                            "ingress.915246272.protocol": "udp",
                            "ingress.915246272.security_groups.#": "0",
                            "ingress.915246272.self": "false",
                            "ingress.915246272.to_port": "8888",
                            "name": "inception-test: inception rules private",
                            "owner_id": "938148413846",
                            "revoke_rules_on_delete": "false",
                            "tags.%": "0",
                            "vpc_id": "vpc-081b0561"
                        },
                        "meta": {
                            "schema_version": "1"
                        },
                        "tainted": false
                    },
                    "deposed": [],
                    "provider": ""
                },
                "aws_security_group.inception-public": {
                    "type": "aws_security_group",
                    "depends_on": [
                        "aws_vpc.main"
                    ],
                    "primary": {
                        "id": "sg-cec5bda6",
                        "attributes": {
                            "description": "Rules for ingress and egress of network traffic to inception instance.",
                            "egress.#": "3",
                            "egress.1403647648.cidr_blocks.#": "1",
                            "egress.1403647648.cidr_blocks.0": "0.0.0.0/0",
                            "egress.1403647648.description": "",
                            "egress.1403647648.from_port": "0",
                            "egress.1403647648.ipv6_cidr_blocks.#": "0",
                            "egress.1403647648.prefix_list_ids.#": "0",
                            "egress.1403647648.protocol": "tcp",
                            "egress.1403647648.security_groups.#": "0",
                            "egress.1403647648.self": "false",
                            "egress.1403647648.to_port": "65535",
                            "egress.1799340084.cidr_blocks.#": "1",
                            "egress.1799340084.cidr_blocks.0": "0.0.0.0/0",
                            "egress.1799340084.description": "",
                            "egress.1799340084.from_port": "-1",
                            "egress.1799340084.ipv6_cidr_blocks.#": "0",
                            "egress.1799340084.prefix_list_ids.#": "0",
                            "egress.1799340084.protocol": "icmp",
                            "egress.1799340084.security_groups.#": "0",
                            "egress.1799340084.self": "false",
                            "egress.1799340084.to_port": "-1",
                            "egress.2096121517.cidr_blocks.#": "1",
                            "egress.2096121517.cidr_blocks.0": "0.0.0.0/0",
                            "egress.2096121517.description": "",
                            "egress.2096121517.from_port": "0",
                            "egress.2096121517.ipv6_cidr_blocks.#": "0",
                            "egress.2096121517.prefix_list_ids.#": "0",
                            "egress.2096121517.protocol": "udp",
                            "egress.2096121517.security_groups.#": "0",
                            "egress.2096121517.self": "false",
                            "egress.2096121517.to_port": "65535",
                            "id": "sg-cec5bda6",
                            "ingress.#": "3",
                            "ingress.2541437006.cidr_blocks.#": "1",
                            "ingress.2541437006.cidr_blocks.0": "0.0.0.0/0",
                            "ingress.2541437006.description": "",
                            "ingress.2541437006.from_port": "22",
                            "ingress.2541437006.ipv6_cidr_blocks.#": "0",
                            "ingress.2541437006.protocol": "tcp",
                            "ingress.2541437006.security_groups.#": "0",
                            "ingress.2541437006.self": "false",
                            "ingress.2541437006.to_port": "22",
                            "ingress.2617001939.cidr_blocks.#": "1",
                            "ingress.2617001939.cidr_blocks.0": "0.0.0.0/0",
                            "ingress.2617001939.description": "",
                            "ingress.2617001939.from_port": "443",
                            "ingress.2617001939.ipv6_cidr_blocks.#": "0",
                            "ingress.2617001939.protocol": "tcp",
                            "ingress.2617001939.security_groups.#": "0",
                            "ingress.2617001939.self": "false",
                            "ingress.2617001939.to_port": "443",
                            "ingress.3595999332.cidr_blocks.#": "1",
                            "ingress.3595999332.cidr_blocks.0": "0.0.0.0/0",
                            "ingress.3595999332.description": "",
                            "ingress.3595999332.from_port": "1194",
                            "ingress.3595999332.ipv6_cidr_blocks.#": "0",
                            "ingress.3595999332.protocol": "tcp",
                            "ingress.3595999332.security_groups.#": "0",
                            "ingress.3595999332.self": "false",
                            "ingress.3595999332.to_port": "1194",
                            "name": "inception-test: inception rules public",
                            "owner_id": "938148413846",
                            "revoke_rules_on_delete": "false",
                            "tags.%": "0",
                            "vpc_id": "vpc-081b0561"
                        },
                        "meta": {
                            "schema_version": "1"
                        },
                        "tainted": false
                    },
                    "deposed": [],
                    "provider": ""
                },
                "aws_subnet.dmz.0": {
                    "type": "aws_subnet",
                    "depends_on": [
                        "aws_vpc.main",
                        "data.aws_availability_zones.available"
                    ],
                    "primary": {
                        "id": "subnet-ba56bbd2",
                        "attributes": {
                            "assign_ipv6_address_on_creation": "false",
                            "availability_zone": "us-east-2a",
                            "cidr_block": "10.0.200.0/24",
                            "id": "subnet-ba56bbd2",
                            "map_public_ip_on_launch": "false",
                            "tags.%": "1",
                            "tags.Name": "inception-test: dmz subnet 0",
                            "vpc_id": "vpc-081b0561"
                        },
                        "meta": {
                            "schema_version": "1"
                        },
                        "tainted": false
                    },
                    "deposed": [],
                    "provider": ""
                },
                "aws_subnet.dmz.1": {
                    "type": "aws_subnet",
                    "depends_on": [
                        "aws_vpc.main",
                        "data.aws_availability_zones.available"
                    ],
                    "primary": {
                        "id": "subnet-52a18229",
                        "attributes": {
                            "assign_ipv6_address_on_creation": "false",
                            "availability_zone": "us-east-2b",
                            "cidr_block": "10.0.201.0/24",
                            "id": "subnet-52a18229",
                            "map_public_ip_on_launch": "false",
                            "tags.%": "1",
                            "tags.Name": "inception-test: dmz subnet 1",
                            "vpc_id": "vpc-081b0561"
                        },
                        "meta": {
                            "schema_version": "1"
                        },
                        "tainted": false
                    },
                    "deposed": [],
                    "provider": ""
                },
                "aws_subnet.dmz.2": {
                    "type": "aws_subnet",
                    "depends_on": [
                        "aws_vpc.main",
                        "data.aws_availability_zones.available"
                    ],
                    "primary": {
                        "id": "subnet-47117c0a",
                        "attributes": {
                            "assign_ipv6_address_on_creation": "false",
                            "availability_zone": "us-east-2c",
                            "cidr_block": "10.0.202.0/24",
                            "id": "subnet-47117c0a",
                            "map_public_ip_on_launch": "false",
                            "tags.%": "1",
                            "tags.Name": "inception-test: dmz subnet 2",
                            "vpc_id": "vpc-081b0561"
                        },
                        "meta": {
                            "schema_version": "1"
                        },
                        "tainted": false
                    },
                    "deposed": [],
                    "provider": ""
                },
                "aws_subnet.engineering.0": {
                    "type": "aws_subnet",
                    "depends_on": [
                        "aws_subnet.dmz",
                        "aws_vpc.main",
                        "data.aws_availability_zones.available"
                    ],
                    "primary": {
                        "id": "subnet-2054b948",
                        "attributes": {
                            "assign_ipv6_address_on_creation": "false",
                            "availability_zone": "us-east-2a",
                            "cidr_block": "10.0.203.0/24",
                            "id": "subnet-2054b948",
                            "map_public_ip_on_launch": "false",
                            "tags.%": "1",
                            "tags.Name": "inception-test: engineering subnet 0",
                            "vpc_id": "vpc-081b0561"
                        },
                        "meta": {
                            "schema_version": "1"
                        },
                        "tainted": false
                    },
                    "deposed": [],
                    "provider": ""
                },
                "aws_subnet.engineering.1": {
                    "type": "aws_subnet",
                    "depends_on": [
                        "aws_subnet.dmz",
                        "aws_vpc.main",
                        "data.aws_availability_zones.available"
                    ],
                    "primary": {
                        "id": "subnet-2da48756",
                        "attributes": {
                            "assign_ipv6_address_on_creation": "false",
                            "availability_zone": "us-east-2b",
                            "cidr_block": "10.0.204.0/24",
                            "id": "subnet-2da48756",
                            "map_public_ip_on_launch": "false",
                            "tags.%": "1",
                            "tags.Name": "inception-test: engineering subnet 1",
                            "vpc_id": "vpc-081b0561"
                        },
                        "meta": {
                            "schema_version": "1"
                        },
                        "tainted": false
                    },
                    "deposed": [],
                    "provider": ""
                },
                "aws_subnet.engineering.2": {
                    "type": "aws_subnet",
                    "depends_on": [
                        "aws_subnet.dmz",
                        "aws_vpc.main",
                        "data.aws_availability_zones.available"
                    ],
                    "primary": {
                        "id": "subnet-321a777f",
                        "attributes": {
                            "assign_ipv6_address_on_creation": "false",
                            "availability_zone": "us-east-2c",
                            "cidr_block": "10.0.205.0/24",
                            "id": "subnet-321a777f",
                            "map_public_ip_on_launch": "false",
                            "tags.%": "1",
                            "tags.Name": "inception-test: engineering subnet 2",
                            "vpc_id": "vpc-081b0561"
                        },
                        "meta": {
                            "schema_version": "1"
                        },
                        "tainted": false
                    },
                    "deposed": [],
                    "provider": ""
                },
                "aws_vpc.main": {
                    "type": "aws_vpc",
                    "depends_on": [],
                    "primary": {
                        "id": "vpc-081b0561",
                        "attributes": {
                            "assign_generated_ipv6_cidr_block": "false",
                            "cidr_block": "10.0.0.0/16",
                            "default_network_acl_id": "acl-1342b77b",
                            "default_route_table_id": "rtb-0dca3165",
                            "default_security_group_id": "sg-b63942de",
                            "dhcp_options_id": "dopt-bfc637d6",
                            "enable_dns_hostnames": "true",
                            "enable_dns_support": "true",
                            "id": "vpc-081b0561",
                            "instance_tenancy": "default",
                            "main_route_table_id": "rtb-0dca3165",
                            "tags.%": "1",
                            "tags.Name": "inception-test"
                        },
                        "meta": {
                            "schema_version": "1"
                        },
                        "tainted": false
                    },
                    "deposed": [],
                    "provider": ""
                },
                "data.aws_ami.inception": {
                    "type": "aws_ami",
                    "depends_on": [],
                    "primary": {
                        "id": "ami-a4d2fdc1",
                        "attributes": {
                            "architecture": "x86_64",
                            "block_device_mappings.#": "3",
                            "block_device_mappings.1634610537.device_name": "/dev/sdb",
                            "block_device_mappings.1634610537.ebs.%": "0",
                            "block_device_mappings.1634610537.no_device": "",
                            "block_device_mappings.1634610537.virtual_name": "ephemeral0",
                            "block_device_mappings.2547816212.device_name": "/dev/sda1",
                            "block_device_mappings.2547816212.ebs.%": "6",
                            "block_device_mappings.2547816212.ebs.delete_on_termination": "true",
                            "block_device_mappings.2547816212.ebs.encrypted": "false",
                            "block_device_mappings.2547816212.ebs.iops": "0",
                            "block_device_mappings.2547816212.ebs.snapshot_id": "snap-0a6c30d688fe7078e",
                            "block_device_mappings.2547816212.ebs.volume_size": "8",
                            "block_device_mappings.2547816212.ebs.volume_type": "gp2",
                            "block_device_mappings.2547816212.no_device": "",
                            "block_device_mappings.2547816212.virtual_name": "",
                            "block_device_mappings.3850042718.device_name": "/dev/sdc",
                            "block_device_mappings.3850042718.ebs.%": "0",
                            "block_device_mappings.3850042718.no_device": "",
                            "block_device_mappings.3850042718.virtual_name": "ephemeral1",
                            "creation_date": "2017-11-08T20:14:36.000Z",
                            "filter.#": "2",
                            "filter.490168357.name": "virtualization-type",
                            "filter.490168357.values.#": "1",
                            "filter.490168357.values.0": "hvm",
                            "filter.601306078.name": "name",
                            "filter.601306078.values.#": "1",
                            "filter.601306078.values.0": "Inception VM for Automated Deployments",
                            "hypervisor": "xen",
                            "id": "ami-a4d2fdc1",
                            "image_id": "ami-a4d2fdc1",
                            "image_location": "938148413846/Inception VM for Automated Deployments",
                            "image_type": "machine",
                            "most_recent": "true",
                            "name": "Inception VM for Automated Deployments",
                            "owner_id": "938148413846",
                            "owners.#": "1",
                            "owners.0": "self",
                            "product_codes.#": "0",
                            "public": "false",
                            "root_device_name": "/dev/sda1",
                            "root_device_type": "ebs",
                            "root_snapshot_id": "snap-0a6c30d688fe7078e",
                            "sriov_net_support": "simple",
                            "state": "available",
                            "state_reason.%": "2",
                            "state_reason.code": "UNSET",
                            "state_reason.message": "UNSET",
                            "tags.%": "0",
                            "virtualization_type": "hvm"
                        },
                        "meta": {},
                        "tainted": false
                    },
                    "deposed": [],
                    "provider": ""
                },
                "data.aws_availability_zones.available": {
                    "type": "aws_availability_zones",
                    "depends_on": [],
                    "primary": {
                        "id": "2017-11-10 07:38:42.022386873 +0000 UTC",
                        "attributes": {
                            "id": "2017-11-10 07:38:42.022386873 +0000 UTC",
                            "names.#": "3",
                            "names.0": "us-east-2a",
                            "names.1": "us-east-2b",
                            "names.2": "us-east-2c"
                        },
                        "meta": {},
                        "tainted": false
                    },
                    "deposed": [],
                    "provider": ""
                },
                "local_file.inception-ssh-key": {
                    "type": "local_file",
                    "depends_on": [
                        "tls_private_key.inception-ssh-key"
                    ],
                    "primary": {
                        "id": "72d6d0a706b9c08d2553e3a315b26cfbb5c3dc5a",
                        "attributes": {
                            "content": "-----BEGIN RSA PRIVATE KEY-----\nMIIJKAIBAAKCAgEAxcqn0RETx6EbpG84IxoIt9FdYh0h9P5jEifQweK5mX4d/WQ7\njiuDfquT5apLBiAREQ9/LDIsW9ThnZZtpBZpCXzE/ZzZuvdHhKTV8LHq8vyy+EYa\nz3Krl9WDAb+daaWWyYtY9Ip+wtL7Swtwms/YPdyZfFWc2+8b6ff7iu1t6gRujcNJ\nagJvfz0FZGs6cM8TbOhC3jWCKQqs48nyYpcDSeh3pzAUCN7Um/HOQghWqZ2uQz0e\nFic5y+U7ktkIz6hI9m+Z6iwy0SED8tEv1B3h5H0aUP7YkO7JaOsuzR4JRH3jJEK8\nXn9LkjdamLBTbF7fpDhLd1OEfSCFRcQhPcJq+RcsqUALkpKUswU9+TRMnP0yqxni\nCoFsztxNnog9jBjdBRve2dxRmq+A/yFPkPDamOjNhZxVUeBTM4qCcICoYsD9RzS+\ndF7SEfOJZg98xaOQhaoMaYmqIIST0OHEGG4ds3vfW280gijYkl/nSQN6viJSYMCy\ne5QeLfyG0FvFr5xJov7vF6GEq+D5XEtbuEWVdbYMDCzThZCXH4x0X63G/5C5/EAp\nFt4dDZbReTnONbTYDvbtTLdHH6SZM2Z0Bw73A2Qr57lVIxH88nxFKDJLqlMckrvJ\nHtfJWEjqSgTy45AHNjFOq3uNL3sW9msGpmMfUGWymjs3qPHE3+tnLb062wUCAwEA\nAQKCAgBu92NvR8VxGlIHzt4P02tQtYVOpkmGybGLXgsgu7KlCryIjNNcz8zWJCy1\njPTKWvM4Pxl6EiwQ2T46y0p35JrJV9as8nK1EkZthI0CnM7TxDIkWDByckMSzBbT\nxEzsGJqgOC2QBKNZakTRtXlXYYRQMJNrzhxSx7NBcH8PUmV4BUSBBC8L6pHjMLj1\nvbLr10FuuF/LivmbTQHySjpSVabisClxAug6kcl2NBMjuMnmHzDFSGS4yQkD+3eQ\ny3LGDgPhPnt7hZB9A6jTcckDmEBDkGxTRKb7qPwWgNug+Fj6tCXbEhXcbk5XmfaZ\n81LaWd/eoja0m4aZLMWYfpCntYuNd3A+qYaoCuv+XSfStCoyy8zQy6Y/bL+EBXnW\nxfLVsVzGpiugPkZL7IO5qfj9HLMVuV7xlFRyeSuMg62tHgz107pubj5UzvJUDOlO\n/kPhsZim2pXGWOPruXlDHK0LWzOOgrcgk9yvYj6MqVFB1c+Celd8eNV7uogCO1nf\niqj4DxzOZTlswNZK2txSOD7NvgD8kzrMbNzbcLQQ9VjSCvQBgltVtGVbW7k3Xgue\nJls1LKUlTyaNeMoix9xPhgDmUOEwN4OugJ2BAOGKenhTn803Af9bYcxHVKCgaNYj\njawAF5N+mjaACCFeqeaLTzXYF7CG0pzv2W9CHWHrwfEH27XfgQKCAQEA6Mw1cIx6\nX8dmpAjcenmCukJ0vJZvPvBw6UIROLAMixKdEidk1wDYroeHM+AIvVtJntdT8H1w\nbak0q4PUlUL3AGPhvcnsRhr+m4/+MREY63nfd7tgZ8KC86t0mC8ND/ZRIweGrNIj\nh6Mgete1ajcf2YTKTa7QFqsMcQtjqQKLKPO43z3PHp9+bn/fHiqZ1ymp5ll3GZny\n9OMbz07k69HgWdcHUjxiMu6WrUpaoBmG8ZzudZMBCbmUE65H5yT5UbmNzlu/+qbx\nGmZ9UaTXLxm0hP+zEjQaqhTj3ZXXrbUt6D9CbAKCcJ3rPDeN+QQRvKpc+3ieYUOE\npUmITscKghIhQwKCAQEA2YFF9OPm1jMN7mvPqgb3ku1W8jCR/hfELlNSC/oIjFND\nQUo9QFAEtqwc7cBcKHebLYWaQRQ2drAxyWxVbqsFCR6d/v+mhyzqzISvjvi1e02C\n3B2P02gj7x5NbgJibRbURE5WzKb4XvB+wzWZHpoejMzCrF9SQe96MmNlwoWhRmgz\nomxP51ughD+xK0p6Bn4aiulk5XxbCTbJvqNPuwIuNZJbiCNny1g364MitWEpseRU\n8gIW4NscfDQPISv85747QwPNs+b/oAI3CEuNq2e4NKtDP0CCuVi8ipaIXydVYT02\n9irHsAV/4NBVIgQW5TokL9N6P1XCn48bpqyL3AnKFwKCAQBzNtXf7PaHvpUy69vK\nlaa4bjl+OGm4WaFYIEWLq72Zes3X9T04F4gl4Jdueht5M9vczC8T39ErxMl3dVhZ\nwvmh7M0FdBEGpUeLUBl6yT5vFDMf+9F7qM3MsPeUdfzeAIcpcgkaMSo6b+acRXPY\nrI2LxuekyLbd8SvIKt3ZAJRE4VKG0f1W55LYN1sCgA0BavJWOcLzHbkbr+bMk/xC\nJe4GKKDL92yWTnSuMRVnFRsvKv7tm6Kw4HLDxsZ5RFhMNSxUjB4YfFTpPv4Y0R9a\nhTtNc4t5n+XudUZNHWLP6tJclipWcGuENvP8KnaOXpA0spAwOQMRmivk7d6TNnkh\n5L0nAoIBAQCZ9NREzJCXq9m/mtaKXpYdjRwPIGwmdEIsHFQmIByu3zzq2RbUEA/W\nEawEajWRe1/+7+PJDvqiNoN3NNSgGjPdSavCVMlWQ2gLzhvKUqd7GNl43v/wP3W4\nCzX5mXx8BT3I/76W69VAtnCz0puIusTHGyTtCCfcfht70Tm1YAtRH+70mEBS3luX\nYNISd4w6TkaRbzU47zYtJnfVFhoYoCl/SBK8IXuVxuMGNHN7+cOepKWwC+SP0uit\nzdervkws6U1fWTDgl7D3XLoBiCFGY4tS1Ksr+YjOk04ZtwXefKQFyWO/CXcBVFM5\nGZ45DrX6GZaFt+Z/MEAr2wtShi4VWWSPAoIBACUbctOtLlWiXkhK2XPIvO1gsH91\n4GVdttVX2WonO0n4TQOxKsJ+B3F5ELNt6Mc+hkZfOjN+a94h/bC2QeQiiaIuC3cy\niWcCI9foyRLPNTGxvr/OYZ/8MCyVcCBHjlVlUP0ZV2y0ZNkCNpry+pWzBkoE4r74\ndKBX88peqQCaAo+rpXUeIQ2y2QLT6SO4dSfoCMGcBNpymXLaRIywyThQjS+ZlddC\nuaPAGHG9m+8cIPu8+YUCGzH5zkoxh23nwIykQmpz558MRAv53Ogq4tb5H4nI4d3t\nEpb/4ZyqWc/9786fzgzVtzYz6r1zaIQkdfvDePcRTb90fZsHrOzg0ljytdY=\n-----END RSA PRIVATE KEY-----\n",
                            "filename": "ssh-key.pem",
                            "id": "72d6d0a706b9c08d2553e3a315b26cfbb5c3dc5a"
                        },
                        "meta": {},
                        "tainted": false
                    },
                    "deposed": [],
                    "provider": ""
                },
                "tls_private_key.inception-ssh-key": {
                    "type": "tls_private_key",
                    "depends_on": [],
                    "primary": {
                        "id": "8cf89da81b9144c90b7c08be5c2c9792b700553a",
                        "attributes": {
                            "algorithm": "RSA",
                            "ecdsa_curve": "P224",
                            "id": "8cf89da81b9144c90b7c08be5c2c9792b700553a",
                            "private_key_pem": "-----BEGIN RSA PRIVATE KEY-----\nMIIJKAIBAAKCAgEAxcqn0RETx6EbpG84IxoIt9FdYh0h9P5jEifQweK5mX4d/WQ7\njiuDfquT5apLBiAREQ9/LDIsW9ThnZZtpBZpCXzE/ZzZuvdHhKTV8LHq8vyy+EYa\nz3Krl9WDAb+daaWWyYtY9Ip+wtL7Swtwms/YPdyZfFWc2+8b6ff7iu1t6gRujcNJ\nagJvfz0FZGs6cM8TbOhC3jWCKQqs48nyYpcDSeh3pzAUCN7Um/HOQghWqZ2uQz0e\nFic5y+U7ktkIz6hI9m+Z6iwy0SED8tEv1B3h5H0aUP7YkO7JaOsuzR4JRH3jJEK8\nXn9LkjdamLBTbF7fpDhLd1OEfSCFRcQhPcJq+RcsqUALkpKUswU9+TRMnP0yqxni\nCoFsztxNnog9jBjdBRve2dxRmq+A/yFPkPDamOjNhZxVUeBTM4qCcICoYsD9RzS+\ndF7SEfOJZg98xaOQhaoMaYmqIIST0OHEGG4ds3vfW280gijYkl/nSQN6viJSYMCy\ne5QeLfyG0FvFr5xJov7vF6GEq+D5XEtbuEWVdbYMDCzThZCXH4x0X63G/5C5/EAp\nFt4dDZbReTnONbTYDvbtTLdHH6SZM2Z0Bw73A2Qr57lVIxH88nxFKDJLqlMckrvJ\nHtfJWEjqSgTy45AHNjFOq3uNL3sW9msGpmMfUGWymjs3qPHE3+tnLb062wUCAwEA\nAQKCAgBu92NvR8VxGlIHzt4P02tQtYVOpkmGybGLXgsgu7KlCryIjNNcz8zWJCy1\njPTKWvM4Pxl6EiwQ2T46y0p35JrJV9as8nK1EkZthI0CnM7TxDIkWDByckMSzBbT\nxEzsGJqgOC2QBKNZakTRtXlXYYRQMJNrzhxSx7NBcH8PUmV4BUSBBC8L6pHjMLj1\nvbLr10FuuF/LivmbTQHySjpSVabisClxAug6kcl2NBMjuMnmHzDFSGS4yQkD+3eQ\ny3LGDgPhPnt7hZB9A6jTcckDmEBDkGxTRKb7qPwWgNug+Fj6tCXbEhXcbk5XmfaZ\n81LaWd/eoja0m4aZLMWYfpCntYuNd3A+qYaoCuv+XSfStCoyy8zQy6Y/bL+EBXnW\nxfLVsVzGpiugPkZL7IO5qfj9HLMVuV7xlFRyeSuMg62tHgz107pubj5UzvJUDOlO\n/kPhsZim2pXGWOPruXlDHK0LWzOOgrcgk9yvYj6MqVFB1c+Celd8eNV7uogCO1nf\niqj4DxzOZTlswNZK2txSOD7NvgD8kzrMbNzbcLQQ9VjSCvQBgltVtGVbW7k3Xgue\nJls1LKUlTyaNeMoix9xPhgDmUOEwN4OugJ2BAOGKenhTn803Af9bYcxHVKCgaNYj\njawAF5N+mjaACCFeqeaLTzXYF7CG0pzv2W9CHWHrwfEH27XfgQKCAQEA6Mw1cIx6\nX8dmpAjcenmCukJ0vJZvPvBw6UIROLAMixKdEidk1wDYroeHM+AIvVtJntdT8H1w\nbak0q4PUlUL3AGPhvcnsRhr+m4/+MREY63nfd7tgZ8KC86t0mC8ND/ZRIweGrNIj\nh6Mgete1ajcf2YTKTa7QFqsMcQtjqQKLKPO43z3PHp9+bn/fHiqZ1ymp5ll3GZny\n9OMbz07k69HgWdcHUjxiMu6WrUpaoBmG8ZzudZMBCbmUE65H5yT5UbmNzlu/+qbx\nGmZ9UaTXLxm0hP+zEjQaqhTj3ZXXrbUt6D9CbAKCcJ3rPDeN+QQRvKpc+3ieYUOE\npUmITscKghIhQwKCAQEA2YFF9OPm1jMN7mvPqgb3ku1W8jCR/hfELlNSC/oIjFND\nQUo9QFAEtqwc7cBcKHebLYWaQRQ2drAxyWxVbqsFCR6d/v+mhyzqzISvjvi1e02C\n3B2P02gj7x5NbgJibRbURE5WzKb4XvB+wzWZHpoejMzCrF9SQe96MmNlwoWhRmgz\nomxP51ughD+xK0p6Bn4aiulk5XxbCTbJvqNPuwIuNZJbiCNny1g364MitWEpseRU\n8gIW4NscfDQPISv85747QwPNs+b/oAI3CEuNq2e4NKtDP0CCuVi8ipaIXydVYT02\n9irHsAV/4NBVIgQW5TokL9N6P1XCn48bpqyL3AnKFwKCAQBzNtXf7PaHvpUy69vK\nlaa4bjl+OGm4WaFYIEWLq72Zes3X9T04F4gl4Jdueht5M9vczC8T39ErxMl3dVhZ\nwvmh7M0FdBEGpUeLUBl6yT5vFDMf+9F7qM3MsPeUdfzeAIcpcgkaMSo6b+acRXPY\nrI2LxuekyLbd8SvIKt3ZAJRE4VKG0f1W55LYN1sCgA0BavJWOcLzHbkbr+bMk/xC\nJe4GKKDL92yWTnSuMRVnFRsvKv7tm6Kw4HLDxsZ5RFhMNSxUjB4YfFTpPv4Y0R9a\nhTtNc4t5n+XudUZNHWLP6tJclipWcGuENvP8KnaOXpA0spAwOQMRmivk7d6TNnkh\n5L0nAoIBAQCZ9NREzJCXq9m/mtaKXpYdjRwPIGwmdEIsHFQmIByu3zzq2RbUEA/W\nEawEajWRe1/+7+PJDvqiNoN3NNSgGjPdSavCVMlWQ2gLzhvKUqd7GNl43v/wP3W4\nCzX5mXx8BT3I/76W69VAtnCz0puIusTHGyTtCCfcfht70Tm1YAtRH+70mEBS3luX\nYNISd4w6TkaRbzU47zYtJnfVFhoYoCl/SBK8IXuVxuMGNHN7+cOepKWwC+SP0uit\nzdervkws6U1fWTDgl7D3XLoBiCFGY4tS1Ksr+YjOk04ZtwXefKQFyWO/CXcBVFM5\nGZ45DrX6GZaFt+Z/MEAr2wtShi4VWWSPAoIBACUbctOtLlWiXkhK2XPIvO1gsH91\n4GVdttVX2WonO0n4TQOxKsJ+B3F5ELNt6Mc+hkZfOjN+a94h/bC2QeQiiaIuC3cy\niWcCI9foyRLPNTGxvr/OYZ/8MCyVcCBHjlVlUP0ZV2y0ZNkCNpry+pWzBkoE4r74\ndKBX88peqQCaAo+rpXUeIQ2y2QLT6SO4dSfoCMGcBNpymXLaRIywyThQjS+ZlddC\nuaPAGHG9m+8cIPu8+YUCGzH5zkoxh23nwIykQmpz558MRAv53Ogq4tb5H4nI4d3t\nEpb/4ZyqWc/9786fzgzVtzYz6r1zaIQkdfvDePcRTb90fZsHrOzg0ljytdY=\n-----END RSA PRIVATE KEY-----\n",
                            "public_key_openssh": "ssh-rsa AAAAB3NzaC1yc2EAAAADAQABAAACAQDFyqfRERPHoRukbzgjGgi30V1iHSH0/mMSJ9DB4rmZfh39ZDuOK4N+q5PlqksGIBERD38sMixb1OGdlm2kFmkJfMT9nNm690eEpNXwsery/LL4RhrPcquX1YMBv51ppZbJi1j0in7C0vtLC3Caz9g93Jl8VZzb7xvp9/uK7W3qBG6Nw0lqAm9/PQVkazpwzxNs6ELeNYIpCqzjyfJilwNJ6HenMBQI3tSb8c5CCFapna5DPR4WJznL5TuS2QjPqEj2b5nqLDLRIQPy0S/UHeHkfRpQ/tiQ7slo6y7NHglEfeMkQrxef0uSN1qYsFNsXt+kOEt3U4R9IIVFxCE9wmr5FyypQAuSkpSzBT35NEyc/TKrGeIKgWzO3E2eiD2MGN0FG97Z3FGar4D/IU+Q8NqY6M2FnFVR4FMzioJwgKhiwP1HNL50XtIR84lmD3zFo5CFqgxpiaoghJPQ4cQYbh2ze99bbzSCKNiSX+dJA3q+IlJgwLJ7lB4t/IbQW8WvnEmi/u8XoYSr4PlcS1u4RZV1tgwMLNOFkJcfjHRfrcb/kLn8QCkW3h0NltF5Oc41tNgO9u1Mt0cfpJkzZnQHDvcDZCvnuVUjEfzyfEUoMkuqUxySu8ke18lYSOpKBPLjkAc2MU6re40vexb2awamYx9QZbKaOzeo8cTf62ctvTrbBQ==\n",
                            "public_key_pem": "-----BEGIN PUBLIC KEY-----\nMIICIjANBgkqhkiG9w0BAQEFAAOCAg8AMIICCgKCAgEAxcqn0RETx6EbpG84IxoI\nt9FdYh0h9P5jEifQweK5mX4d/WQ7jiuDfquT5apLBiAREQ9/LDIsW9ThnZZtpBZp\nCXzE/ZzZuvdHhKTV8LHq8vyy+EYaz3Krl9WDAb+daaWWyYtY9Ip+wtL7Swtwms/Y\nPdyZfFWc2+8b6ff7iu1t6gRujcNJagJvfz0FZGs6cM8TbOhC3jWCKQqs48nyYpcD\nSeh3pzAUCN7Um/HOQghWqZ2uQz0eFic5y+U7ktkIz6hI9m+Z6iwy0SED8tEv1B3h\n5H0aUP7YkO7JaOsuzR4JRH3jJEK8Xn9LkjdamLBTbF7fpDhLd1OEfSCFRcQhPcJq\n+RcsqUALkpKUswU9+TRMnP0yqxniCoFsztxNnog9jBjdBRve2dxRmq+A/yFPkPDa\nmOjNhZxVUeBTM4qCcICoYsD9RzS+dF7SEfOJZg98xaOQhaoMaYmqIIST0OHEGG4d\ns3vfW280gijYkl/nSQN6viJSYMCye5QeLfyG0FvFr5xJov7vF6GEq+D5XEtbuEWV\ndbYMDCzThZCXH4x0X63G/5C5/EApFt4dDZbReTnONbTYDvbtTLdHH6SZM2Z0Bw73\nA2Qr57lVIxH88nxFKDJLqlMckrvJHtfJWEjqSgTy45AHNjFOq3uNL3sW9msGpmMf\nUGWymjs3qPHE3+tnLb062wUCAwEAAQ==\n-----END PUBLIC KEY-----\n",
                            "rsa_bits": "4096"
                        },
                        "meta": {},
                        "tainted": false
                    },
                    "deposed": [],
                    "provider": ""
                }
            },
            "depends_on": []
        }
    ]
}
